{
  "name": "challenge-experiments",
  "version": "1.0.0",
  "lockfileVersion": 3,
  "requires": true,
  "packages": {
    "": {
      "name": "challenge-experiments",
      "version": "1.0.0",
      "license": "ISC",
      "dependencies": {
        "@types/node": "^22.7.5",
        "blowfish": "^1.0.1",
        "rot": "^0.1.0",
        "vigenere": "^1.0.2"
      }
    },
    "node_modules/@types/node": {
      "version": "22.7.5",
      "resolved": "https://registry.npmjs.org/@types/node/-/node-22.7.5.tgz",
      "integrity": "sha512-jML7s2NAzMWc//QSJ1a3prpk78cOPchGvXJsC3C6R6PSMoooztvRVQEz89gmBTBY1SPMaqo5teB4uNHPdetShQ==",
      "license": "MIT",
      "dependencies": {
        "undici-types": "~6.19.2"
      }
    },
    "node_modules/blowfish": {
      "version": "1.0.1",
      "resolved": "https://registry.npmjs.org/blowfish/-/blowfish-1.0.1.tgz",
      "integrity": "sha512-7htHrx8+/eCcTSAtXq4jhTlAp62g1Lm/4Af3TnhMdt008uLD9y+jTJvByR23X1LcMpKQ0wH9pQOO5xIekkX8ZQ==",
      "license": "MIT"
    },
    "node_modules/rot": {
      "version": "0.1.0",
      "resolved": "https://registry.npmjs.org/rot/-/rot-0.1.0.tgz",
      "integrity": "sha512-khTjntr2LioS9o7OzkBVvo67BZudOCrTFmoBlw9gey6kO+cp6rCu75Tos6qizNB1wKekv76hTcAS/qkbU4Q7/w==",
      "bin": {
        "rot": "bin/rot"
      }
    },
    "node_modules/undici-types": {
      "version": "6.19.8",
      "resolved": "https://registry.npmjs.org/undici-types/-/undici-types-6.19.8.tgz",
      "integrity": "sha512-ve2KP6f/JnbPBFyobGHuerC9g1FYGn/F8n1LWTwNxCEzd6IfqTwUQcNXgEtmmQ6DlRrC1hrSrBnCZPokRrDHjw==",
      "license": "MIT"
    },
    "node_modules/vigenere": {
      "version": "1.0.2",
      "resolved": "https://registry.npmjs.org/vigenere/-/vigenere-1.0.2.tgz",
      "integrity": "sha512-/7W3VcE6mg8BPrQyDG+MhheWmiRLsvfoRdDNVQFq9cFZyyGizKrgtyKU59QjgNXUk9UPit5eYVGn7kclOTzsmA==",
      "license": "GPL-3.0"
    }
  }
}
